// !$*UTF8*$!
{
	archiveVersion = 1;
	classes = {
	};
	objectVersion = 50;
	objects = {

/* Begin PBXBuildFile section */
		F9C98265247C1933003757E6 /* AppDelegate.swift in Sources */ = {isa = PBXBuildFile; fileRef = F9C98264247C1933003757E6 /* AppDelegate.swift */; };
		F9C98267247C1933003757E6 /* SceneDelegate.swift in Sources */ = {isa = PBXBuildFile; fileRef = F9C98266247C1933003757E6 /* SceneDelegate.swift */; };
		F9C98269247C1933003757E6 /* ViewController.swift in Sources */ = {isa = PBXBuildFile; fileRef = F9C98268247C1933003757E6 /* ViewController.swift */; };
		F9C9826C247C1933003757E6 /* Main.storyboard in Resources */ = {isa = PBXBuildFile; fileRef = F9C9826A247C1933003757E6 /* Main.storyboard */; };
		F9C9826E247C1933003757E6 /* Assets.xcassets in Resources */ = {isa = PBXBuildFile; fileRef = F9C9826D247C1933003757E6 /* Assets.xcassets */; };
		F9C98271247C1933003757E6 /* LaunchScreen.storyboard in Resources */ = {isa = PBXBuildFile; fileRef = F9C9826F247C1933003757E6 /* LaunchScreen.storyboard */; };
		F9C9827C247C1934003757E6 /* UtilitiesTests.swift in Sources */ = {isa = PBXBuildFile; fileRef = F9C9827B247C1934003757E6 /* UtilitiesTests.swift */; };
		F9C98287247C1934003757E6 /* UtilitiesUITests.swift in Sources */ = {isa = PBXBuildFile; fileRef = F9C98286247C1934003757E6 /* UtilitiesUITests.swift */; };
/* End PBXBuildFile section */

/* Begin PBXContainerItemProxy section */
		F9C98278247C1934003757E6 /* PBXContainerItemProxy */ = {
			isa = PBXContainerItemProxy;
			containerPortal = F9C98259247C1933003757E6 /* Project object */;
			proxyType = 1;
			remoteGlobalIDString = F9C98260247C1933003757E6;
			remoteInfo = Utilities;
		};
		F9C98283247C1934003757E6 /* PBXContainerItemProxy */ = {
			isa = PBXContainerItemProxy;
			containerPortal = F9C98259247C1933003757E6 /* Project object */;
			proxyType = 1;
			remoteGlobalIDString = F9C98260247C1933003757E6;
			remoteInfo = Utilities;
		};
/* End PBXContainerItemProxy section */

/* Begin PBXFileReference section */
		F9C98261247C1933003757E6 /* Utilities.app */ = {isa = PBXFileReference; explicitFileType = wrapper.application; includeInIndex = 0; path = Utilities.app; sourceTree = BUILT_PRODUCTS_DIR; };
		F9C98264247C1933003757E6 /* AppDelegate.swift */ = {isa = PBXFileReference; lastKnownFileType = sourcecode.swift; path = AppDelegate.swift; sourceTree = "<group>"; };
		F9C98266247C1933003757E6 /* SceneDelegate.swift */ = {isa = PBXFileReference; lastKnownFileType = sourcecode.swift; path = SceneDelegate.swift; sourceTree = "<group>"; };
		F9C98268247C1933003757E6 /* ViewController.swift */ = {isa = PBXFileReference; lastKnownFileType = sourcecode.swift; path = ViewController.swift; sourceTree = "<group>"; };
		F9C9826B247C1933003757E6 /* Base */ = {isa = PBXFileReference; lastKnownFileType = file.storyboard; name = Base; path = Base.lproj/Main.storyboard; sourceTree = "<group>"; };
		F9C9826D247C1933003757E6 /* Assets.xcassets */ = {isa = PBXFileReference; lastKnownFileType = folder.assetcatalog; path = Assets.xcassets; sourceTree = "<group>"; };
		F9C98270247C1933003757E6 /* Base */ = {isa = PBXFileReference; lastKnownFileType = file.storyboard; name = Base; path = Base.lproj/LaunchScreen.storyboard; sourceTree = "<group>"; };
		F9C98272247C1933003757E6 /* Info.plist */ = {isa = PBXFileReference; lastKnownFileType = text.plist.xml; path = Info.plist; sourceTree = "<group>"; };
		F9C98277247C1934003757E6 /* UtilitiesTests.xctest */ = {isa = PBXFileReference; explicitFileType = wrapper.cfbundle; includeInIndex = 0; path = UtilitiesTests.xctest; sourceTree = BUILT_PRODUCTS_DIR; };
		F9C9827B247C1934003757E6 /* UtilitiesTests.swift */ = {isa = PBXFileReference; lastKnownFileType = sourcecode.swift; path = UtilitiesTests.swift; sourceTree = "<group>"; };
		F9C9827D247C1934003757E6 /* Info.plist */ = {isa = PBXFileReference; lastKnownFileType = text.plist.xml; path = Info.plist; sourceTree = "<group>"; };
		F9C98282247C1934003757E6 /* UtilitiesUITests.xctest */ = {isa = PBXFileReference; explicitFileType = wrapper.cfbundle; includeInIndex = 0; path = UtilitiesUITests.xctest; sourceTree = BUILT_PRODUCTS_DIR; };
		F9C98286247C1934003757E6 /* UtilitiesUITests.swift */ = {isa = PBXFileReference; lastKnownFileType = sourcecode.swift; path = UtilitiesUITests.swift; sourceTree = "<group>"; };
		F9C98288247C1934003757E6 /* Info.plist */ = {isa = PBXFileReference; lastKnownFileType = text.plist.xml; path = Info.plist; sourceTree = "<group>"; };
/* End PBXFileReference section */

/* Begin PBXFrameworksBuildPhase section */
		F9C9825E247C1933003757E6 /* Frameworks */ = {
			isa = PBXFrameworksBuildPhase;
			buildActionMask = 2147483647;
			files = (
			);
			runOnlyForDeploymentPostprocessing = 0;
		};
		F9C98274247C1934003757E6 /* Frameworks */ = {
			isa = PBXFrameworksBuildPhase;
			buildActionMask = 2147483647;
			files = (
			);
			runOnlyForDeploymentPostprocessing = 0;
		};
		F9C9827F247C1934003757E6 /* Frameworks */ = {
			isa = PBXFrameworksBuildPhase;
			buildActionMask = 2147483647;
			files = (
			);
			runOnlyForDeploymentPostprocessing = 0;
		};
/* End PBXFrameworksBuildPhase section */

/* Begin PBXGroup section */
		F9C98258247C1933003757E6 = {
			isa = PBXGroup;
			children = (
				F9C98263247C1933003757E6 /* Utilities */,
				F9C9827A247C1934003757E6 /* UtilitiesTests */,
				F9C98285247C1934003757E6 /* UtilitiesUITests */,
				F9C98262247C1933003757E6 /* Products */,
			);
			sourceTree = "<group>";
		};
		F9C98262247C1933003757E6 /* Products */ = {
			isa = PBXGroup;
			children = (
				F9C98261247C1933003757E6 /* Utilities.app */,
				F9C98277247C1934003757E6 /* UtilitiesTests.xctest */,
				F9C98282247C1934003757E6 /* UtilitiesUITests.xctest */,
			);
			name = Products;
			sourceTree = "<group>";
		};
		F9C98263247C1933003757E6 /* Utilities */ = {
			isa = PBXGroup;
			children = (
				F9C98264247C1933003757E6 /* AppDelegate.swift */,
				F9C98266247C1933003757E6 /* SceneDelegate.swift */,
				F9C98268247C1933003757E6 /* ViewController.swift */,
				F9C9826A247C1933003757E6 /* Main.storyboard */,
				F9C9826D247C1933003757E6 /* Assets.xcassets */,
				F9C9826F247C1933003757E6 /* LaunchScreen.storyboard */,
				F9C98272247C1933003757E6 /* Info.plist */,
			);
			path = Utilities;
			sourceTree = "<group>";
		};
		F9C9827A247C1934003757E6 /* UtilitiesTests */ = {
			isa = PBXGroup;
			children = (
				F9C9827B247C1934003757E6 /* UtilitiesTests.swift */,
				F9C9827D247C1934003757E6 /* Info.plist */,
			);
			path = UtilitiesTests;
			sourceTree = "<group>";
		};
		F9C98285247C1934003757E6 /* UtilitiesUITests */ = {
			isa = PBXGroup;
			children = (
				F9C98286247C1934003757E6 /* UtilitiesUITests.swift */,
				F9C98288247C1934003757E6 /* Info.plist */,
			);
			path = UtilitiesUITests;
			sourceTree = "<group>";
		};
/* End PBXGroup section */

/* Begin PBXNativeTarget section */
		F9C98260247C1933003757E6 /* Utilities */ = {
			isa = PBXNativeTarget;
			buildConfigurationList = F9C9828B247C1934003757E6 /* Build configuration list for PBXNativeTarget "Utilities" */;
			buildPhases = (
				F9C9825D247C1933003757E6 /* Sources */,
				F9C9825E247C1933003757E6 /* Frameworks */,
				F9C9825F247C1933003757E6 /* Resources */,
			);
			buildRules = (
			);
			dependencies = (
			);
			name = Utilities;
			productName = Utilities;
			productReference = F9C98261247C1933003757E6 /* Utilities.app */;
			productType = "com.apple.product-type.application";
		};
		F9C98276247C1934003757E6 /* UtilitiesTests */ = {
			isa = PBXNativeTarget;
			buildConfigurationList = F9C9828E247C1934003757E6 /* Build configuration list for PBXNativeTarget "UtilitiesTests" */;
			buildPhases = (
				F9C98273247C1934003757E6 /* Sources */,
				F9C98274247C1934003757E6 /* Frameworks */,
				F9C98275247C1934003757E6 /* Resources */,
			);
			buildRules = (
			);
			dependencies = (
				F9C98279247C1934003757E6 /* PBXTargetDependency */,
			);
			name = UtilitiesTests;
			productName = UtilitiesTests;
			productReference = F9C98277247C1934003757E6 /* UtilitiesTests.xctest */;
			productType = "com.apple.product-type.bundle.unit-test";
		};
		F9C98281247C1934003757E6 /* UtilitiesUITests */ = {
			isa = PBXNativeTarget;
			buildConfigurationList = F9C98291247C1934003757E6 /* Build configuration list for PBXNativeTarget "UtilitiesUITests" */;
			buildPhases = (
				F9C9827E247C1934003757E6 /* Sources */,
				F9C9827F247C1934003757E6 /* Frameworks */,
				F9C98280247C1934003757E6 /* Resources */,
			);
			buildRules = (
			);
			dependencies = (
				F9C98284247C1934003757E6 /* PBXTargetDependency */,
			);
			name = UtilitiesUITests;
			productName = UtilitiesUITests;
			productReference = F9C98282247C1934003757E6 /* UtilitiesUITests.xctest */;
			productType = "com.apple.product-type.bundle.ui-testing";
		};
/* End PBXNativeTarget section */

/* Begin PBXProject section */
		F9C98259247C1933003757E6 /* Project object */ = {
			isa = PBXProject;
			attributes = {
				LastSwiftUpdateCheck = 1140;
				LastUpgradeCheck = 1140;
				ORGANIZATIONNAME = "The Curious Pixel";
				TargetAttributes = {
					F9C98260247C1933003757E6 = {
						CreatedOnToolsVersion = 11.4.1;
					};
					F9C98276247C1934003757E6 = {
						CreatedOnToolsVersion = 11.4.1;
						TestTargetID = F9C98260247C1933003757E6;
					};
					F9C98281247C1934003757E6 = {
						CreatedOnToolsVersion = 11.4.1;
						TestTargetID = F9C98260247C1933003757E6;
					};
				};
			};
			buildConfigurationList = F9C9825C247C1933003757E6 /* Build configuration list for PBXProject "Utilities" */;
			compatibilityVersion = "Xcode 9.3";
			developmentRegion = en;
			hasScannedForEncodings = 0;
			knownRegions = (
				en,
				Base,
			);
			mainGroup = F9C98258247C1933003757E6;
			productRefGroup = F9C98262247C1933003757E6 /* Products */;
			projectDirPath = "";
			projectRoot = "";
			targets = (
				F9C98260247C1933003757E6 /* Utilities */,
				F9C98276247C1934003757E6 /* UtilitiesTests */,
				F9C98281247C1934003757E6 /* UtilitiesUITests */,
			);
		};
/* End PBXProject section */

/* Begin PBXResourcesBuildPhase section */
		F9C9825F247C1933003757E6 /* Resources */ = {
			isa = PBXResourcesBuildPhase;
			buildActionMask = 2147483647;
			files = (
				F9C98271247C1933003757E6 /* LaunchScreen.storyboard in Resources */,
				F9C9826E247C1933003757E6 /* Assets.xcassets in Resources */,
				F9C9826C247C1933003757E6 /* Main.storyboard in Resources */,
			);
			runOnlyForDeploymentPostprocessing = 0;
		};
		F9C98275247C1934003757E6 /* Resources */ = {
			isa = PBXResourcesBuildPhase;
			buildActionMask = 2147483647;
			files = (
			);
			runOnlyForDeploymentPostprocessing = 0;
		};
		F9C98280247C1934003757E6 /* Resources */ = {
			isa = PBXResourcesBuildPhase;
			buildActionMask = 2147483647;
			files = (
			);
			runOnlyForDeploymentPostprocessing = 0;
		};
/* End PBXResourcesBuildPhase section */

/* Begin PBXSourcesBuildPhase section */
		F9C9825D247C1933003757E6 /* Sources */ = {
			isa = PBXSourcesBuildPhase;
			buildActionMask = 2147483647;
			files = (
				F9C98269247C1933003757E6 /* ViewController.swift in Sources */,
				F9C98265247C1933003757E6 /* AppDelegate.swift in Sources */,
				F9C98267247C1933003757E6 /* SceneDelegate.swift in Sources */,
			);
			runOnlyForDeploymentPostprocessing = 0;
		};
		F9C98273247C1934003757E6 /* Sources */ = {
			isa = PBXSourcesBuildPhase;
			buildActionMask = 2147483647;
			files = (
				F9C9827C247C1934003757E6 /* UtilitiesTests.swift in Sources */,
			);
			runOnlyForDeploymentPostprocessing = 0;
		};
		F9C9827E247C1934003757E6 /* Sources */ = {
			isa = PBXSourcesBuildPhase;
			buildActionMask = 2147483647;
			files = (
				F9C98287247C1934003757E6 /* UtilitiesUITests.swift in Sources */,
			);
			runOnlyForDeploymentPostprocessing = 0;
		};
/* End PBXSourcesBuildPhase section */

/* Begin PBXTargetDependency section */
		F9C98279247C1934003757E6 /* PBXTargetDependency */ = {
			isa = PBXTargetDependency;
			target = F9C98260247C1933003757E6 /* Utilities */;
			targetProxy = F9C98278247C1934003757E6 /* PBXContainerItemProxy */;
		};
		F9C98284247C1934003757E6 /* PBXTargetDependency */ = {
			isa = PBXTargetDependency;
			target = F9C98260247C1933003757E6 /* Utilities */;
			targetProxy = F9C98283247C1934003757E6 /* PBXContainerItemProxy */;
		};
/* End PBXTargetDependency section */

/* Begin PBXVariantGroup section */
		F9C9826A247C1933003757E6 /* Main.storyboard */ = {
			isa = PBXVariantGroup;
			children = (
				F9C9826B247C1933003757E6 /* Base */,
			);
			name = Main.storyboard;
			sourceTree = "<group>";
		};
		F9C9826F247C1933003757E6 /* LaunchScreen.storyboard */ = {
			isa = PBXVariantGroup;
			children = (
				F9C98270247C1933003757E6 /* Base */,
			);
			name = LaunchScreen.storyboard;
			sourceTree = "<group>";
		};
/* End PBXVariantGroup section */

/* Begin XCBuildConfiguration section */
		F9C98289247C1934003757E6 /* Debug */ = {
			isa = XCBuildConfiguration;
			buildSettings = {
				ALWAYS_SEARCH_USER_PATHS = NO;
				CLANG_ANALYZER_NONNULL = YES;
				CLANG_ANALYZER_NUMBER_OBJECT_CONVERSION = YES_AGGRESSIVE;
				CLANG_CXX_LANGUAGE_STANDARD = "gnu++14";
				CLANG_CXX_LIBRARY = "libc++";
				CLANG_ENABLE_MODULES = YES;
				CLANG_ENABLE_OBJC_ARC = YES;
				CLANG_ENABLE_OBJC_WEAK = YES;
				CLANG_WARN_BLOCK_CAPTURE_AUTORELEASING = YES;
				CLANG_WARN_BOOL_CONVERSION = YES;
				CLANG_WARN_COMMA = YES;
				CLANG_WARN_CONSTANT_CONVERSION = YES;
				CLANG_WARN_DEPRECATED_OBJC_IMPLEMENTATIONS = YES;
				CLANG_WARN_DIRECT_OBJC_ISA_USAGE = YES_ERROR;
				CLANG_WARN_DOCUMENTATION_COMMENTS = YES;
				CLANG_WARN_EMPTY_BODY = YES;
				CLANG_WARN_ENUM_CONVERSION = YES;
				CLANG_WARN_INFINITE_RECURSION = YES;
				CLANG_WARN_INT_CONVERSION = YES;
				CLANG_WARN_NON_LITERAL_NULL_CONVERSION = YES;
				CLANG_WARN_OBJC_IMPLICIT_RETAIN_SELF = YES;
				CLANG_WARN_OBJC_LITERAL_CONVERSION = YES;
				CLANG_WARN_OBJC_ROOT_CLASS = YES_ERROR;
				CLANG_WARN_RANGE_LOOP_ANALYSIS = YES;
				CLANG_WARN_STRICT_PROTOTYPES = YES;
				CLANG_WARN_SUSPICIOUS_MOVE = YES;
				CLANG_WARN_UNGUARDED_AVAILABILITY = YES_AGGRESSIVE;
				CLANG_WARN_UNREACHABLE_CODE = YES;
				CLANG_WARN__DUPLICATE_METHOD_MATCH = YES;
				COPY_PHASE_STRIP = NO;
				DEBUG_INFORMATION_FORMAT = dwarf;
				ENABLE_STRICT_OBJC_MSGSEND = YES;
				ENABLE_TESTABILITY = YES;
				GCC_C_LANGUAGE_STANDARD = gnu11;
				GCC_DYNAMIC_NO_PIC = NO;
				GCC_NO_COMMON_BLOCKS = YES;
				GCC_OPTIMIZATION_LEVEL = 0;
				GCC_PREPROCESSOR_DEFINITIONS = (
					"DEBUG=1",
					"$(inherited)",
				);
				GCC_WARN_64_TO_32_BIT_CONVERSION = YES;
				GCC_WARN_ABOUT_RETURN_TYPE = YES_ERROR;
				GCC_WARN_UNDECLARED_SELECTOR = YES;
				GCC_WARN_UNINITIALIZED_AUTOS = YES_AGGRESSIVE;
				GCC_WARN_UNUSED_FUNCTION = YES;
				GCC_WARN_UNUSED_VARIABLE = YES;
				IPHONEOS_DEPLOYMENT_TARGET = 13.4;
				MTL_ENABLE_DEBUG_INFO = INCLUDE_SOURCE;
				MTL_FAST_MATH = YES;
				ONLY_ACTIVE_ARCH = YES;
				SDKROOT = iphoneos;
				SWIFT_ACTIVE_COMPILATION_CONDITIONS = DEBUG;
				SWIFT_OPTIMIZATION_LEVEL = "-Onone";
			};
			name = Debug;
		};
		F9C9828A247C1934003757E6 /* Release */ = {
			isa = XCBuildConfiguration;
			buildSettings = {
				ALWAYS_SEARCH_USER_PATHS = NO;
				CLANG_ANALYZER_NONNULL = YES;
				CLANG_ANALYZER_NUMBER_OBJECT_CONVERSION = YES_AGGRESSIVE;
				CLANG_CXX_LANGUAGE_STANDARD = "gnu++14";
				CLANG_CXX_LIBRARY = "libc++";
				CLANG_ENABLE_MODULES = YES;
				CLANG_ENABLE_OBJC_ARC = YES;
				CLANG_ENABLE_OBJC_WEAK = YES;
				CLANG_WARN_BLOCK_CAPTURE_AUTORELEASING = YES;
				CLANG_WARN_BOOL_CONVERSION = YES;
				CLANG_WARN_COMMA = YES;
				CLANG_WARN_CONSTANT_CONVERSION = YES;
				CLANG_WARN_DEPRECATED_OBJC_IMPLEMENTATIONS = YES;
				CLANG_WARN_DIRECT_OBJC_ISA_USAGE = YES_ERROR;
				CLANG_WARN_DOCUMENTATION_COMMENTS = YES;
				CLANG_WARN_EMPTY_BODY = YES;
				CLANG_WARN_ENUM_CONVERSION = YES;
				CLANG_WARN_INFINITE_RECURSION = YES;
				CLANG_WARN_INT_CONVERSION = YES;
				CLANG_WARN_NON_LITERAL_NULL_CONVERSION = YES;
				CLANG_WARN_OBJC_IMPLICIT_RETAIN_SELF = YES;
				CLANG_WARN_OBJC_LITERAL_CONVERSION = YES;
				CLANG_WARN_OBJC_ROOT_CLASS = YES_ERROR;
				CLANG_WARN_RANGE_LOOP_ANALYSIS = YES;
				CLANG_WARN_STRICT_PROTOTYPES = YES;
				CLANG_WARN_SUSPICIOUS_MOVE = YES;
				CLANG_WARN_UNGUARDED_AVAILABILITY = YES_AGGRESSIVE;
				CLANG_WARN_UNREACHABLE_CODE = YES;
				CLANG_WARN__DUPLICATE_METHOD_MATCH = YES;
				COPY_PHASE_STRIP = NO;
				DEBUG_INFORMATION_FORMAT = "dwarf-with-dsym";
				ENABLE_NS_ASSERTIONS = NO;
				ENABLE_STRICT_OBJC_MSGSEND = YES;
				GCC_C_LANGUAGE_STANDARD = gnu11;
				GCC_NO_COMMON_BLOCKS = YES;
				GCC_WARN_64_TO_32_BIT_CONVERSION = YES;
				GCC_WARN_ABOUT_RETURN_TYPE = YES_ERROR;
				GCC_WARN_UNDECLARED_SELECTOR = YES;
				GCC_WARN_UNINITIALIZED_AUTOS = YES_AGGRESSIVE;
				GCC_WARN_UNUSED_FUNCTION = YES;
				GCC_WARN_UNUSED_VARIABLE = YES;
				IPHONEOS_DEPLOYMENT_TARGET = 13.4;
				MTL_ENABLE_DEBUG_INFO = NO;
				MTL_FAST_MATH = YES;
				SDKROOT = iphoneos;
				SWIFT_COMPILATION_MODE = wholemodule;
				SWIFT_OPTIMIZATION_LEVEL = "-O";
				VALIDATE_PRODUCT = YES;
			};
			name = Release;
		};
		F9C9828C247C1934003757E6 /* Debug */ = {
			isa = XCBuildConfiguration;
			buildSettings = {
				ASSETCATALOG_COMPILER_APPICON_NAME = AppIcon;
				CODE_SIGN_STYLE = Automatic;
				DEVELOPMENT_TEAM = B2M9QT3Q39;
				INFOPLIST_FILE = Utilities/Info.plist;
				LD_RUNPATH_SEARCH_PATHS = (
					"$(inherited)",
					"@executable_path/Frameworks",
				);
				PRODUCT_BUNDLE_IDENTIFIER = com.thecuriouspixel.Utilities;
				PRODUCT_NAME = "$(TARGET_NAME)";
				SWIFT_VERSION = 5.0;
				TARGETED_DEVICE_FAMILY = "1,2";
			};
			name = Debug;
		};
		F9C9828D247C1934003757E6 /* Release */ = {
			isa = XCBuildConfiguration;
			buildSettings = {
				ASSETCATALOG_COMPILER_APPICON_NAME = AppIcon;
				CODE_SIGN_STYLE = Automatic;
				DEVELOPMENT_TEAM = B2M9QT3Q39;
				INFOPLIST_FILE = Utilities/Info.plist;
				LD_RUNPATH_SEARCH_PATHS = (
					"$(inherited)",
					"@executable_path/Frameworks",
				);
				PRODUCT_BUNDLE_IDENTIFIER = com.thecuriouspixel.Utilities;
				PRODUCT_NAME = "$(TARGET_NAME)";
				SWIFT_VERSION = 5.0;
				TARGETED_DEVICE_FAMILY = "1,2";
			};
			name = Release;
		};
		F9C9828F247C1934003757E6 /* Debug */ = {
			isa = XCBuildConfiguration;
			buildSettings = {
				ALWAYS_EMBED_SWIFT_STANDARD_LIBRARIES = YES;
				BUNDLE_LOADER = "$(TEST_HOST)";
				CODE_SIGN_STYLE = Automatic;
				DEVELOPMENT_TEAM = B2M9QT3Q39;
				INFOPLIST_FILE = UtilitiesTests/Info.plist;
				IPHONEOS_DEPLOYMENT_TARGET = 13.4;
				LD_RUNPATH_SEARCH_PATHS = (
					"$(inherited)",
					"@executable_path/Frameworks",
					"@loader_path/Frameworks",
				);
				PRODUCT_BUNDLE_IDENTIFIER = com.thecuriouspixel.UtilitiesTests;
				PRODUCT_NAME = "$(TARGET_NAME)";
				SWIFT_VERSION = 5.0;
				TARGETED_DEVICE_FAMILY = "1,2";
				TEST_HOST = "$(BUILT_PRODUCTS_DIR)/Utilities.app/Utilities";
			};
			name = Debug;
		};
		F9C98290247C1934003757E6 /* Release */ = {
			isa = XCBuildConfiguration;
			buildSettings = {
				ALWAYS_EMBED_SWIFT_STANDARD_LIBRARIES = YES;
				BUNDLE_LOADER = "$(TEST_HOST)";
				CODE_SIGN_STYLE = Automatic;
				DEVELOPMENT_TEAM = B2M9QT3Q39;
				INFOPLIST_FILE = UtilitiesTests/Info.plist;
				IPHONEOS_DEPLOYMENT_TARGET = 13.4;
				LD_RUNPATH_SEARCH_PATHS = (
					"$(inherited)",
					"@executable_path/Frameworks",
					"@loader_path/Frameworks",
				);
				PRODUCT_BUNDLE_IDENTIFIER = com.thecuriouspixel.UtilitiesTests;
				PRODUCT_NAME = "$(TARGET_NAME)";
				SWIFT_VERSION = 5.0;
				TARGETED_DEVICE_FAMILY = "1,2";
				TEST_HOST = "$(BUILT_PRODUCTS_DIR)/Utilities.app/Utilities";
			};
			name = Release;
		};
		F9C98292247C1934003757E6 /* Debug */ = {
			isa = XCBuildConfiguration;
			buildSettings = {
				ALWAYS_EMBED_SWIFT_STANDARD_LIBRARIES = YES;
				CODE_SIGN_STYLE = Automatic;
				DEVELOPMENT_TEAM = B2M9QT3Q39;
				INFOPLIST_FILE = UtilitiesUITests/Info.plist;
				LD_RUNPATH_SEARCH_PATHS = (
					"$(inherited)",
					"@executable_path/Frameworks",
					"@loader_path/Frameworks",
				);
				PRODUCT_BUNDLE_IDENTIFIER = com.thecuriouspixel.UtilitiesUITests;
				PRODUCT_NAME = "$(TARGET_NAME)";
				SWIFT_VERSION = 5.0;
				TARGETED_DEVICE_FAMILY = "1,2";
				TEST_TARGET_NAME = Utilities;
			};
			name = Debug;
		};
		F9C98293247C1934003757E6 /* Release */ = {
			isa = XCBuildConfiguration;
			buildSettings = {
				ALWAYS_EMBED_SWIFT_STANDARD_LIBRARIES = YES;
				CODE_SIGN_STYLE = Automatic;
				DEVELOPMENT_TEAM = B2M9QT3Q39;
				INFOPLIST_FILE = UtilitiesUITests/Info.plist;
				LD_RUNPATH_SEARCH_PATHS = (
					"$(inherited)",
					"@executable_path/Frameworks",
					"@loader_path/Frameworks",
				);
				PRODUCT_BUNDLE_IDENTIFIER = com.thecuriouspixel.UtilitiesUITests;
				PRODUCT_NAME = "$(TARGET_NAME)";
				SWIFT_VERSION = 5.0;
				TARGETED_DEVICE_FAMILY = "1,2";
				TEST_TARGET_NAME = Utilities;
			};
			name = Release;
		};
/* End XCBuildConfiguration section */

/* Begin XCConfigurationList section */
		F9C9825C247C1933003757E6 /* Build configuration list for PBXProject "Utilities" */ = {
			isa = XCConfigurationList;
			buildConfigurations = (
				F9C98289247C1934003757E6 /* Debug */,
				F9C9828A247C1934003757E6 /* Release */,
			);
			defaultConfigurationIsVisible = 0;
			defaultConfigurationName = Release;
		};
		F9C9828B247C1934003757E6 /* Build configuration list for PBXNativeTarget "Utilities" */ = {
			isa = XCConfigurationList;
			buildConfigurations = (
				F9C9828C247C1934003757E6 /* Debug */,
				F9C9828D247C1934003757E6 /* Release */,
			);
			defaultConfigurationIsVisible = 0;
			defaultConfigurationName = Release;
		};
		F9C9828E247C1934003757E6 /* Build configuration list for PBXNativeTarget "UtilitiesTests" */ = {
			isa = XCConfigurationList;
			buildConfigurations = (
				F9C9828F247C1934003757E6 /* Debug */,
				F9C98290247C1934003757E6 /* Release */,
			);
			defaultConfigurationIsVisible = 0;
			defaultConfigurationName = Release;
		};
		F9C98291247C1934003757E6 /* Build configuration list for PBXNativeTarget "UtilitiesUITests" */ = {
			isa = XCConfigurationList;
			buildConfigurations = (
				F9C98292247C1934003757E6 /* Debug */,
				F9C98293247C1934003757E6 /* Release */,
			);
			defaultConfigurationIsVisible = 0;
			defaultConfigurationName = Release;
		};
/* End XCConfigurationList section */
	};
	rootObject = F9C98259247C1933003757E6 /* Project object */;
}
